// !$*UTF8*$!
{
	archiveVersion = 1;
	classes = {
	};
	objectVersion = 46;
	objects = {

/* Begin PBXBuildFile section */
		9B8F8B531BE20FE600E0716A /* AppDelegate.swift in Sources */ = {isa = PBXBuildFile; fileRef = 9B8F8B521BE20FE600E0716A /* AppDelegate.swift */; };
		9B8F8B551BE20FE600E0716A /* ViewController.swift in Sources */ = {isa = PBXBuildFile; fileRef = 9B8F8B541BE20FE600E0716A /* ViewController.swift */; };
		9B8F8B581BE20FE600E0716A /* Main.storyboard in Resources */ = {isa = PBXBuildFile; fileRef = 9B8F8B561BE20FE600E0716A /* Main.storyboard */; };
		9B8F8B5A1BE20FE600E0716A /* Assets.xcassets in Resources */ = {isa = PBXBuildFile; fileRef = 9B8F8B591BE20FE600E0716A /* Assets.xcassets */; };
		9B8F8B5D1BE20FE600E0716A /* LaunchScreen.storyboard in Resources */ = {isa = PBXBuildFile; fileRef = 9B8F8B5B1BE20FE600E0716A /* LaunchScreen.storyboard */; };
		9B8F8B651BE2140200E0716A /* FavouriteSongsViewController.swift in Sources */ = {isa = PBXBuildFile; fileRef = 9B8F8B641BE2140200E0716A /* FavouriteSongsViewController.swift */; settings = {ASSET_TAGS = (); }; };
		9B8F8B681BE2146C00E0716A /* FavouriteSongsViewController.xib in Resources */ = {isa = PBXBuildFile; fileRef = 9B8F8B671BE2146C00E0716A /* FavouriteSongsViewController.xib */; settings = {ASSET_TAGS = (); }; };
		9BA595171BE816DA000C0BBC /* SongViewController.swift in Sources */ = {isa = PBXBuildFile; fileRef = 9BA595161BE816DA000C0BBC /* SongViewController.swift */; settings = {ASSET_TAGS = (); }; };
		9BA595191BE816FE000C0BBC /* SongViewController.xib in Resources */ = {isa = PBXBuildFile; fileRef = 9BA595181BE816FE000C0BBC /* SongViewController.xib */; settings = {ASSET_TAGS = (); }; };
		9BB9057B1BE4C67D00104D0D /* SongTableCell.xib in Resources */ = {isa = PBXBuildFile; fileRef = 9BB9057A1BE4C67D00104D0D /* SongTableCell.xib */; settings = {ASSET_TAGS = (); }; };
		9BB9057E1BE4C71100104D0D /* SongTableViewCell.swift in Sources */ = {isa = PBXBuildFile; fileRef = 9BB9057D1BE4C71100104D0D /* SongTableViewCell.swift */; settings = {ASSET_TAGS = (); }; };
/* End PBXBuildFile section */

/* Begin PBXFileReference section */
		9B8F8B4F1BE20FE600E0716A /* BeatlesSongs.app */ = {isa = PBXFileReference; explicitFileType = wrapper.application; includeInIndex = 0; path = BeatlesSongs.app; sourceTree = BUILT_PRODUCTS_DIR; };
		9B8F8B521BE20FE600E0716A /* AppDelegate.swift */ = {isa = PBXFileReference; lastKnownFileType = sourcecode.swift; path = AppDelegate.swift; sourceTree = "<group>"; };
		9B8F8B541BE20FE600E0716A /* ViewController.swift */ = {isa = PBXFileReference; lastKnownFileType = sourcecode.swift; path = ViewController.swift; sourceTree = "<group>"; };
		9B8F8B571BE20FE600E0716A /* Base */ = {isa = PBXFileReference; lastKnownFileType = file.storyboard; name = Base; path = Base.lproj/Main.storyboard; sourceTree = "<group>"; };
		9B8F8B591BE20FE600E0716A /* Assets.xcassets */ = {isa = PBXFileReference; lastKnownFileType = folder.assetcatalog; path = Assets.xcassets; sourceTree = "<group>"; };
		9B8F8B5C1BE20FE600E0716A /* Base */ = {isa = PBXFileReference; lastKnownFileType = file.storyboard; name = Base; path = Base.lproj/LaunchScreen.storyboard; sourceTree = "<group>"; };
		9B8F8B5E1BE20FE600E0716A /* Info.plist */ = {isa = PBXFileReference; lastKnownFileType = text.plist.xml; path = Info.plist; sourceTree = "<group>"; };
		9B8F8B641BE2140200E0716A /* FavouriteSongsViewController.swift */ = {isa = PBXFileReference; fileEncoding = 4; lastKnownFileType = sourcecode.swift; name = FavouriteSongsViewController.swift; path = "View Controllers/FavouriteSongsViewController.swift"; sourceTree = "<group>"; };
		9B8F8B671BE2146C00E0716A /* FavouriteSongsViewController.xib */ = {isa = PBXFileReference; fileEncoding = 4; lastKnownFileType = file.xib; name = FavouriteSongsViewController.xib; path = Xibs/FavouriteSongsViewController.xib; sourceTree = "<group>"; };
		9BA595161BE816DA000C0BBC /* SongViewController.swift */ = {isa = PBXFileReference; fileEncoding = 4; lastKnownFileType = sourcecode.swift; name = SongViewController.swift; path = "View Controllers/SongViewController.swift"; sourceTree = "<group>"; };
		9BA595181BE816FE000C0BBC /* SongViewController.xib */ = {isa = PBXFileReference; fileEncoding = 4; lastKnownFileType = file.xib; name = SongViewController.xib; path = Xibs/SongViewController.xib; sourceTree = "<group>"; };
		9BB9057A1BE4C67D00104D0D /* SongTableCell.xib */ = {isa = PBXFileReference; fileEncoding = 4; lastKnownFileType = file.xib; name = SongTableCell.xib; path = Xibs/SongTableCell.xib; sourceTree = "<group>"; };
		9BB9057D1BE4C71100104D0D /* SongTableViewCell.swift */ = {isa = PBXFileReference; fileEncoding = 4; lastKnownFileType = sourcecode.swift; name = SongTableViewCell.swift; path = "TableView Cell/SongTableViewCell.swift"; sourceTree = "<group>"; };
/* End PBXFileReference section */

/* Begin PBXFrameworksBuildPhase section */
		9B8F8B4C1BE20FE600E0716A /* Frameworks */ = {
			isa = PBXFrameworksBuildPhase;
			buildActionMask = 2147483647;
			files = (
			);
			runOnlyForDeploymentPostprocessing = 0;
		};
/* End PBXFrameworksBuildPhase section */

/* Begin PBXGroup section */
		9B8F8B461BE20FE600E0716A = {
			isa = PBXGroup;
			children = (
				9B8F8B511BE20FE600E0716A /* BeatlesSongs */,
				9B8F8B501BE20FE600E0716A /* Products */,
			);
			sourceTree = "<group>";
		};
		9B8F8B501BE20FE600E0716A /* Products */ = {
			isa = PBXGroup;
			children = (
				9B8F8B4F1BE20FE600E0716A /* BeatlesSongs.app */,
			);
			name = Products;
			sourceTree = "<group>";
		};
		9B8F8B511BE20FE600E0716A /* BeatlesSongs */ = {
			isa = PBXGroup;
			children = (
				9BB9057F1BE4C71700104D0D /* TableView Cells */,
				9BB9057C1BE4C68200104D0D /* Xibs */,
				9B8F8B661BE2140600E0716A /* View Controllers */,
				9B8F8B521BE20FE600E0716A /* AppDelegate.swift */,
				9B8F8B541BE20FE600E0716A /* ViewController.swift */,
				9B8F8B561BE20FE600E0716A /* Main.storyboard */,
				9B8F8B591BE20FE600E0716A /* Assets.xcassets */,
				9B8F8B5B1BE20FE600E0716A /* LaunchScreen.storyboard */,
				9B8F8B5E1BE20FE600E0716A /* Info.plist */,
			);
			path = BeatlesSongs;
			sourceTree = "<group>";
		};
		9B8F8B661BE2140600E0716A /* View Controllers */ = {
			isa = PBXGroup;
			children = (
				9B8F8B641BE2140200E0716A /* FavouriteSongsViewController.swift */,
				9BA595161BE816DA000C0BBC /* SongViewController.swift */,
			);
			name = "View Controllers";
			sourceTree = "<group>";
		};
		9BB9057C1BE4C68200104D0D /* Xibs */ = {
			isa = PBXGroup;
			children = (
				9B8F8B671BE2146C00E0716A /* FavouriteSongsViewController.xib */,
				9BB9057A1BE4C67D00104D0D /* SongTableCell.xib */,
				9BA595181BE816FE000C0BBC /* SongViewController.xib */,
			);
			name = Xibs;
			sourceTree = "<group>";
		};
		9BB9057F1BE4C71700104D0D /* TableView Cells */ = {
			isa = PBXGroup;
			children = (
				9BB9057D1BE4C71100104D0D /* SongTableViewCell.swift */,
			);
			name = "TableView Cells";
			sourceTree = "<group>";
		};
/* End PBXGroup section */

/* Begin PBXNativeTarget section */
		9B8F8B4E1BE20FE600E0716A /* BeatlesSongs */ = {
			isa = PBXNativeTarget;
			buildConfigurationList = 9B8F8B611BE20FE600E0716A /* Build configuration list for PBXNativeTarget "BeatlesSongs" */;
			buildPhases = (
				9B8F8B4B1BE20FE600E0716A /* Sources */,
				9B8F8B4C1BE20FE600E0716A /* Frameworks */,
				9B8F8B4D1BE20FE600E0716A /* Resources */,
			);
			buildRules = (
			);
			dependencies = (
			);
			name = BeatlesSongs;
			productName = BeatlesSongs;
			productReference = 9B8F8B4F1BE20FE600E0716A /* BeatlesSongs.app */;
			productType = "com.apple.product-type.application";
		};
/* End PBXNativeTarget section */

/* Begin PBXProject section */
		9B8F8B471BE20FE600E0716A /* Project object */ = {
			isa = PBXProject;
			attributes = {
				LastUpgradeCheck = 0700;
				ORGANIZATIONNAME = "Richard Lee";
				TargetAttributes = {
					9B8F8B4E1BE20FE600E0716A = {
						CreatedOnToolsVersion = 7.0.1;
					};
				};
			};
			buildConfigurationList = 9B8F8B4A1BE20FE600E0716A /* Build configuration list for PBXProject "BeatlesSongs" */;
			compatibilityVersion = "Xcode 3.2";
			developmentRegion = English;
			hasScannedForEncodings = 0;
			knownRegions = (
				en,
				Base,
			);
			mainGroup = 9B8F8B461BE20FE600E0716A;
			productRefGroup = 9B8F8B501BE20FE600E0716A /* Products */;
			projectDirPath = "";
			projectRoot = "";
			targets = (
				9B8F8B4E1BE20FE600E0716A /* BeatlesSongs */,
			);
		};
/* End PBXProject section */

/* Begin PBXResourcesBuildPhase section */
		9B8F8B4D1BE20FE600E0716A /* Resources */ = {
			isa = PBXResourcesBuildPhase;
			buildActionMask = 2147483647;
			files = (
				9B8F8B5D1BE20FE600E0716A /* LaunchScreen.storyboard in Resources */,
				9B8F8B5A1BE20FE600E0716A /* Assets.xcassets in Resources */,
				9B8F8B681BE2146C00E0716A /* FavouriteSongsViewController.xib in Resources */,
				9BA595191BE816FE000C0BBC /* SongViewController.xib in Resources */,
				9B8F8B581BE20FE600E0716A /* Main.storyboard in Resources */,
				9BB9057B1BE4C67D00104D0D /* SongTableCell.xib in Resources */,
			);
			runOnlyForDeploymentPostprocessing = 0;
		};
/* End PBXResourcesBuildPhase section */

/* Begin PBXSourcesBuildPhase section */
		9B8F8B4B1BE20FE600E0716A /* Sources */ = {
			isa = PBXSourcesBuildPhase;
			buildActionMask = 2147483647;
			files = (
				9BB9057E1BE4C71100104D0D /* SongTableViewCell.swift in Sources */,
				9B8F8B651BE2140200E0716A /* FavouriteSongsViewController.swift in Sources */,
				9BA595171BE816DA000C0BBC /* SongViewController.swift in Sources */,
				9B8F8B551BE20FE600E0716A /* ViewController.swift in Sources */,
				9B8F8B531BE20FE600E0716A /* AppDelegate.swift in Sources */,
			);
			runOnlyForDeploymentPostprocessing = 0;
		};
/* End PBXSourcesBuildPhase section */

/* Begin PBXVariantGroup section */
		9B8F8B561BE20FE600E0716A /* Main.storyboard */ = {
			isa = PBXVariantGroup;
			children = (
				9B8F8B571BE20FE600E0716A /* Base */,
			);
			name = Main.storyboard;
			sourceTree = "<group>";
		};
		9B8F8B5B1BE20FE600E0716A /* LaunchScreen.storyboard */ = {
			isa = PBXVariantGroup;
			children = (
				9B8F8B5C1BE20FE600E0716A /* Base */,
			);
			name = LaunchScreen.storyboard;
			sourceTree = "<group>";
		};
/* End PBXVariantGroup section */

/* Begin XCBuildConfiguration section */
		9B8F8B5F1BE20FE600E0716A /* Debug */ = {
			isa = XCBuildConfiguration;
			buildSettings = {
				ALWAYS_SEARCH_USER_PATHS = NO;
				CLANG_CXX_LANGUAGE_STANDARD = "gnu++0x";
				CLANG_CXX_LIBRARY = "libc++";
				CLANG_ENABLE_MODULES = YES;
				CLANG_ENABLE_OBJC_ARC = YES;
				CLANG_WARN_BOOL_CONVERSION = YES;
				CLANG_WARN_CONSTANT_CONVERSION = YES;
				CLANG_WARN_DIRECT_OBJC_ISA_USAGE = YES_ERROR;
				CLANG_WARN_EMPTY_BODY = YES;
				CLANG_WARN_ENUM_CONVERSION = YES;
				CLANG_WARN_INT_CONVERSION = YES;
				CLANG_WARN_OBJC_ROOT_CLASS = YES_ERROR;
				CLANG_WARN_UNREACHABLE_CODE = YES;
				CLANG_WARN__DUPLICATE_METHOD_MATCH = YES;
				"CODE_SIGN_IDENTITY[sdk=iphoneos*]" = "iPhone Developer";
				COPY_PHASE_STRIP = NO;
				DEBUG_INFORMATION_FORMAT = dwarf;
				ENABLE_STRICT_OBJC_MSGSEND = YES;
				ENABLE_TESTABILITY = YES;
				GCC_C_LANGUAGE_STANDARD = gnu99;
				GCC_DYNAMIC_NO_PIC = NO;
				GCC_NO_COMMON_BLOCKS = YES;
				GCC_OPTIMIZATION_LEVEL = 0;
				GCC_PREPROCESSOR_DEFINITIONS = (
					"DEBUG=1",
					"$(inherited)",
				);
				GCC_WARN_64_TO_32_BIT_CONVERSION = YES;
				GCC_WARN_ABOUT_RETURN_TYPE = YES_ERROR;
				GCC_WARN_UNDECLARED_SELECTOR = YES;
				GCC_WARN_UNINITIALIZED_AUTOS = YES_AGGRESSIVE;
				GCC_WARN_UNUSED_FUNCTION = YES;
				GCC_WARN_UNUSED_VARIABLE = YES;
				IPHONEOS_DEPLOYMENT_TARGET = 9.0;
				MTL_ENABLE_DEBUG_INFO = YES;
				ONLY_ACTIVE_ARCH = YES;
				SDKROOT = iphoneos;
				SWIFT_OPTIMIZATION_LEVEL = "-Onone";
			};
			name = Debug;
		};
		9B8F8B601BE20FE600E0716A /* Release */ = {
			isa = XCBuildConfiguration;
			buildSettings = {
				ALWAYS_SEARCH_USER_PATHS = NO;
				CLANG_CXX_LANGUAGE_STANDARD = "gnu++0x";
				CLANG_CXX_LIBRARY = "libc++";
				CLANG_ENABLE_MODULES = YES;
				CLANG_ENABLE_OBJC_ARC = YES;
				CLANG_WARN_BOOL_CONVERSION = YES;
				CLANG_WARN_CONSTANT_CONVERSION = YES;
				CLANG_WARN_DIRECT_OBJC_ISA_USAGE = YES_ERROR;
				CLANG_WARN_EMPTY_BODY = YES;
				CLANG_WARN_ENUM_CONVERSION = YES;
				CLANG_WARN_INT_CONVERSION = YES;
				CLANG_WARN_OBJC_ROOT_CLASS = YES_ERROR;
				CLANG_WARN_UNREACHABLE_CODE = YES;
				CLANG_WARN__DUPLICATE_METHOD_MATCH = YES;
				"CODE_SIGN_IDENTITY[sdk=iphoneos*]" = "iPhone Developer";
				COPY_PHASE_STRIP = NO;
				DEBUG_INFORMATION_FORMAT = "dwarf-with-dsym";
				ENABLE_NS_ASSERTIONS = NO;
				ENABLE_STRICT_OBJC_MSGSEND = YES;
				GCC_C_LANGUAGE_STANDARD = gnu99;
				GCC_NO_COMMON_BLOCKS = YES;
				GCC_WARN_64_TO_32_BIT_CONVERSION = YES;
				GCC_WARN_ABOUT_RETURN_TYPE = YES_ERROR;
				GCC_WARN_UNDECLARED_SELECTOR = YES;
				GCC_WARN_UNINITIALIZED_AUTOS = YES_AGGRESSIVE;
				GCC_WARN_UNUSED_FUNCTION = YES;
				GCC_WARN_UNUSED_VARIABLE = YES;
				IPHONEOS_DEPLOYMENT_TARGET = 9.0;
				MTL_ENABLE_DEBUG_INFO = NO;
				SDKROOT = iphoneos;
				VALIDATE_PRODUCT = YES;
			};
			name = Release;
		};
		9B8F8B621BE20FE600E0716A /* Debug */ = {
			isa = XCBuildConfiguration;
			buildSettings = {
				ASSETCATALOG_COMPILER_APPICON_NAME = AppIcon;
				INFOPLIST_FILE = BeatlesSongs/Info.plist;
				LD_RUNPATH_SEARCH_PATHS = "$(inherited) @executable_path/Frameworks";
				PRODUCT_BUNDLE_IDENTIFIER = me.richardflee.BeatlesSongs;
				PRODUCT_NAME = "$(TARGET_NAME)";
			};
			name = Debug;
		};
		9B8F8B631BE20FE600E0716A /* Release */ = {
			isa = XCBuildConfiguration;
			buildSettings = {
				ASSETCATALOG_COMPILER_APPICON_NAME = AppIcon;
				INFOPLIST_FILE = BeatlesSongs/Info.plist;
				LD_RUNPATH_SEARCH_PATHS = "$(inherited) @executable_path/Frameworks";
				PRODUCT_BUNDLE_IDENTIFIER = me.richardflee.BeatlesSongs;
				PRODUCT_NAME = "$(TARGET_NAME)";
			};
			name = Release;
		};
/* End XCBuildConfiguration section */

/* Begin XCConfigurationList section */
		9B8F8B4A1BE20FE600E0716A /* Build configuration list for PBXProject "BeatlesSongs" */ = {
			isa = XCConfigurationList;
			buildConfigurations = (
				9B8F8B5F1BE20FE600E0716A /* Debug */,
				9B8F8B601BE20FE600E0716A /* Release */,
			);
			defaultConfigurationIsVisible = 0;
			defaultConfigurationName = Release;
		};
		9B8F8B611BE20FE600E0716A /* Build configuration list for PBXNativeTarget "BeatlesSongs" */ = {
			isa = XCConfigurationList;
			buildConfigurations = (
				9B8F8B621BE20FE600E0716A /* Debug */,
				9B8F8B631BE20FE600E0716A /* Release */,
			);
			defaultConfigurationIsVisible = 0;
			defaultConfigurationName = Release;
		};
/* End XCConfigurationList section */
	};
	rootObject = 9B8F8B471BE20FE600E0716A /* Project object */;
}
